
Microsoft Visual Studio Solution File, Format Version 12.00
# Visual Studio Version 17
VisualStudioVersion = 17.1.32421.90
MinimumVisualStudioVersion = 10.0.40219.1
Project("{FAE04EC0-301F-11D3-BF4B-00C04F79EFBC}") = "MovieProjectGr13B", "MovieProjectGr13B\MovieProjectGr13B.csproj", "{3E32A67A-B107-4FDB-8F4B-E99F1FDA3031}"
EndProject
Global
	GlobalSection(SolutionConfigurationPlatforms) = preSolution
		Debug|Any CPU = Debug|Any CPU
		Release|Any CPU = Release|Any CPU
	EndGlobalSection
	GlobalSection(ProjectConfigurationPlatforms) = postSolution
		{3E32A67A-B107-4FDB-8F4B-E99F1FDA3031}.Debug|Any CPU.ActiveCfg = Debug|Any CPU
		{3E32A67A-B107-4FDB-8F4B-E99F1FDA3031}.Debug|Any CPU.Build.0 = Debug|Any CPU
		{3E32A67A-B107-4FDB-8F4B-E99F1FDA3031}.Release|Any CPU.ActiveCfg = Release|Any CPU
		{3E32A67A-B107-4FDB-8F4B-E99F1FDA3031}.Release|Any CPU.Build.0 = Release|Any CPU
	EndGlobalSection
	GlobalSection(SolutionProperties) = preSolution
		HideSolutionNode = FALSE
	EndGlobalSection
	GlobalSection(ExtensibilityGlobals) = postSolution
		SolutionGuid = {C24D6F0B-16DB-4C9D-AB4D-52EF454F0372}
	EndGlobalSection
EndGlobal
